
Microsoft Visual Studio Solution File, Format Version 12.00
# Visual Studio Version 16
VisualStudioVersion = 16.0.31424.327
MinimumVisualStudioVersion = 10.0.40219.1
Project("{FAE04EC0-301F-11D3-BF4B-00C04F79EFBC}") = "test", "test\test.csproj", "{28BCB6B6-FC38-4986-B323-1BF66DAC2AB9}"
EndProject
Global
	GlobalSection(SolutionConfigurationPlatforms) = preSolution
		Debug|Any CPU = Debug|Any CPU
		Release|Any CPU = Release|Any CPU
	EndGlobalSection
	GlobalSection(ProjectConfigurationPlatforms) = postSolution
		{28BCB6B6-FC38-4986-B323-1BF66DAC2AB9}.Debug|Any CPU.ActiveCfg = Debug|Any CPU
		{28BCB6B6-FC38-4986-B323-1BF66DAC2AB9}.Debug|Any CPU.Build.0 = Debug|Any CPU
		{28BCB6B6-FC38-4986-B323-1BF66DAC2AB9}.Release|Any CPU.ActiveCfg = Release|Any CPU
		{28BCB6B6-FC38-4986-B323-1BF66DAC2AB9}.Release|Any CPU.Build.0 = Release|Any CPU
	EndGlobalSection
	GlobalSection(SolutionProperties) = preSolution
		HideSolutionNode = FALSE
	EndGlobalSection
	GlobalSection(ExtensibilityGlobals) = postSolution
		SolutionGuid = {0B558B8B-005B-46C6-8324-ABA028693724}
	EndGlobalSection
EndGlobal
